// !$*UTF8*$!
{
	archiveVersion = 1;
	classes = {
	};
	objectVersion = 46;
	objects = {

/* Begin PBXBuildFile section */
		0071366C1CE375C4001F8E89 /* LCPhotosViewController.m in Sources */ = {isa = PBXBuildFile; fileRef = 0071366B1CE375C4001F8E89 /* LCPhotosViewController.m */; };
		007136701CE3EBEA001F8E89 /* LCPhotoCollectionViewCell.m in Sources */ = {isa = PBXBuildFile; fileRef = 0071366E1CE3EBEA001F8E89 /* LCPhotoCollectionViewCell.m */; };
		007136771CE4223D001F8E89 /* LCPhotoKitAsset.m in Sources */ = {isa = PBXBuildFile; fileRef = 007136761CE4223D001F8E89 /* LCPhotoKitAsset.m */; };
		0071367A1CE4B117001F8E89 /* LCBigImageScrollView.m in Sources */ = {isa = PBXBuildFile; fileRef = 007136791CE4B117001F8E89 /* LCBigImageScrollView.m */; };
		00B926BF1CA02F0F005F5EC8 /* main.m in Sources */ = {isa = PBXBuildFile; fileRef = 00B926BE1CA02F0F005F5EC8 /* main.m */; };
		00B926C21CA02F0F005F5EC8 /* AppDelegate.m in Sources */ = {isa = PBXBuildFile; fileRef = 00B926C11CA02F0F005F5EC8 /* AppDelegate.m */; };
		00B926C51CA02F0F005F5EC8 /* ViewController.m in Sources */ = {isa = PBXBuildFile; fileRef = 00B926C41CA02F0F005F5EC8 /* ViewController.m */; };
		00B926C81CA02F0F005F5EC8 /* Main.storyboard in Resources */ = {isa = PBXBuildFile; fileRef = 00B926C61CA02F0F005F5EC8 /* Main.storyboard */; };
		00B926CA1CA02F0F005F5EC8 /* Assets.xcassets in Resources */ = {isa = PBXBuildFile; fileRef = 00B926C91CA02F0F005F5EC8 /* Assets.xcassets */; };
		00B926CD1CA02F0F005F5EC8 /* LaunchScreen.storyboard in Resources */ = {isa = PBXBuildFile; fileRef = 00B926CB1CA02F0F005F5EC8 /* LaunchScreen.storyboard */; };
		00B926D81CA02F0F005F5EC8 /* LCPhotoAlbumTests.m in Sources */ = {isa = PBXBuildFile; fileRef = 00B926D71CA02F0F005F5EC8 /* LCPhotoAlbumTests.m */; };
		00B926E31CA02F0F005F5EC8 /* LCPhotoAlbumUITests.m in Sources */ = {isa = PBXBuildFile; fileRef = 00B926E21CA02F0F005F5EC8 /* LCPhotoAlbumUITests.m */; };
/* End PBXBuildFile section */

/* Begin PBXContainerItemProxy section */
		00B926D41CA02F0F005F5EC8 /* PBXContainerItemProxy */ = {
			isa = PBXContainerItemProxy;
			containerPortal = 00B926B21CA02F0F005F5EC8 /* Project object */;
			proxyType = 1;
			remoteGlobalIDString = 00B926B91CA02F0F005F5EC8;
			remoteInfo = LCPhotoAlbum;
		};
		00B926DF1CA02F0F005F5EC8 /* PBXContainerItemProxy */ = {
			isa = PBXContainerItemProxy;
			containerPortal = 00B926B21CA02F0F005F5EC8 /* Project object */;
			proxyType = 1;
			remoteGlobalIDString = 00B926B91CA02F0F005F5EC8;
			remoteInfo = LCPhotoAlbum;
		};
/* End PBXContainerItemProxy section */

/* Begin PBXFileReference section */
		0071366A1CE375C4001F8E89 /* LCPhotosViewController.h */ = {isa = PBXFileReference; fileEncoding = 4; lastKnownFileType = sourcecode.c.h; path = LCPhotosViewController.h; sourceTree = "<group>"; };
		0071366B1CE375C4001F8E89 /* LCPhotosViewController.m */ = {isa = PBXFileReference; fileEncoding = 4; lastKnownFileType = sourcecode.c.objc; path = LCPhotosViewController.m; sourceTree = "<group>"; };
		0071366D1CE3EBEA001F8E89 /* LCPhotoCollectionViewCell.h */ = {isa = PBXFileReference; fileEncoding = 4; lastKnownFileType = sourcecode.c.h; path = LCPhotoCollectionViewCell.h; sourceTree = "<group>"; };
		0071366E1CE3EBEA001F8E89 /* LCPhotoCollectionViewCell.m */ = {isa = PBXFileReference; fileEncoding = 4; lastKnownFileType = sourcecode.c.objc; path = LCPhotoCollectionViewCell.m; sourceTree = "<group>"; };
		007136751CE4223D001F8E89 /* LCPhotoKitAsset.h */ = {isa = PBXFileReference; fileEncoding = 4; lastKnownFileType = sourcecode.c.h; path = LCPhotoKitAsset.h; sourceTree = "<group>"; };
		007136761CE4223D001F8E89 /* LCPhotoKitAsset.m */ = {isa = PBXFileReference; fileEncoding = 4; lastKnownFileType = sourcecode.c.objc; path = LCPhotoKitAsset.m; sourceTree = "<group>"; };
		007136781CE4B117001F8E89 /* LCBigImageScrollView.h */ = {isa = PBXFileReference; fileEncoding = 4; lastKnownFileType = sourcecode.c.h; path = LCBigImageScrollView.h; sourceTree = "<group>"; };
		007136791CE4B117001F8E89 /* LCBigImageScrollView.m */ = {isa = PBXFileReference; fileEncoding = 4; lastKnownFileType = sourcecode.c.objc; path = LCBigImageScrollView.m; sourceTree = "<group>"; };
		00B926BA1CA02F0F005F5EC8 /* LCPhotoAlbum.app */ = {isa = PBXFileReference; explicitFileType = wrapper.application; includeInIndex = 0; path = LCPhotoAlbum.app; sourceTree = BUILT_PRODUCTS_DIR; };
		00B926BE1CA02F0F005F5EC8 /* main.m */ = {isa = PBXFileReference; lastKnownFileType = sourcecode.c.objc; path = main.m; sourceTree = "<group>"; };
		00B926C01CA02F0F005F5EC8 /* AppDelegate.h */ = {isa = PBXFileReference; lastKnownFileType = sourcecode.c.h; path = AppDelegate.h; sourceTree = "<group>"; };
		00B926C11CA02F0F005F5EC8 /* AppDelegate.m */ = {isa = PBXFileReference; lastKnownFileType = sourcecode.c.objc; path = AppDelegate.m; sourceTree = "<group>"; };
		00B926C31CA02F0F005F5EC8 /* ViewController.h */ = {isa = PBXFileReference; lastKnownFileType = sourcecode.c.h; path = ViewController.h; sourceTree = "<group>"; };
		00B926C41CA02F0F005F5EC8 /* ViewController.m */ = {isa = PBXFileReference; lastKnownFileType = sourcecode.c.objc; path = ViewController.m; sourceTree = "<group>"; };
		00B926C71CA02F0F005F5EC8 /* Base */ = {isa = PBXFileReference; lastKnownFileType = file.storyboard; name = Base; path = Base.lproj/Main.storyboard; sourceTree = "<group>"; };
		00B926C91CA02F0F005F5EC8 /* Assets.xcassets */ = {isa = PBXFileReference; lastKnownFileType = folder.assetcatalog; path = Assets.xcassets; sourceTree = "<group>"; };
		00B926CC1CA02F0F005F5EC8 /* Base */ = {isa = PBXFileReference; lastKnownFileType = file.storyboard; name = Base; path = Base.lproj/LaunchScreen.storyboard; sourceTree = "<group>"; };
		00B926CE1CA02F0F005F5EC8 /* Info.plist */ = {isa = PBXFileReference; lastKnownFileType = text.plist.xml; path = Info.plist; sourceTree = "<group>"; };
		00B926D31CA02F0F005F5EC8 /* LCPhotoAlbumTests.xctest */ = {isa = PBXFileReference; explicitFileType = wrapper.cfbundle; includeInIndex = 0; path = LCPhotoAlbumTests.xctest; sourceTree = BUILT_PRODUCTS_DIR; };
		00B926D71CA02F0F005F5EC8 /* LCPhotoAlbumTests.m */ = {isa = PBXFileReference; lastKnownFileType = sourcecode.c.objc; path = LCPhotoAlbumTests.m; sourceTree = "<group>"; };
		00B926D91CA02F0F005F5EC8 /* Info.plist */ = {isa = PBXFileReference; lastKnownFileType = text.plist.xml; path = Info.plist; sourceTree = "<group>"; };
		00B926DE1CA02F0F005F5EC8 /* LCPhotoAlbumUITests.xctest */ = {isa = PBXFileReference; explicitFileType = wrapper.cfbundle; includeInIndex = 0; path = LCPhotoAlbumUITests.xctest; sourceTree = BUILT_PRODUCTS_DIR; };
		00B926E21CA02F0F005F5EC8 /* LCPhotoAlbumUITests.m */ = {isa = PBXFileReference; lastKnownFileType = sourcecode.c.objc; path = LCPhotoAlbumUITests.m; sourceTree = "<group>"; };
		00B926E41CA02F0F005F5EC8 /* Info.plist */ = {isa = PBXFileReference; lastKnownFileType = text.plist.xml; path = Info.plist; sourceTree = "<group>"; };
/* End PBXFileReference section */

/* Begin PBXFrameworksBuildPhase section */
		00B926B71CA02F0F005F5EC8 /* Frameworks */ = {
			isa = PBXFrameworksBuildPhase;
			buildActionMask = 2147483647;
			files = (
			);
			runOnlyForDeploymentPostprocessing = 0;
		};
		00B926D01CA02F0F005F5EC8 /* Frameworks */ = {
			isa = PBXFrameworksBuildPhase;
			buildActionMask = 2147483647;
			files = (
			);
			runOnlyForDeploymentPostprocessing = 0;
		};
		00B926DB1CA02F0F005F5EC8 /* Frameworks */ = {
			isa = PBXFrameworksBuildPhase;
			buildActionMask = 2147483647;
			files = (
			);
			runOnlyForDeploymentPostprocessing = 0;
		};
/* End PBXFrameworksBuildPhase section */

/* Begin PBXGroup section */
		00B926B11CA02F0F005F5EC8 = {
			isa = PBXGroup;
			children = (
				00B926BC1CA02F0F005F5EC8 /* LCPhotoAlbum */,
				00B926D61CA02F0F005F5EC8 /* LCPhotoAlbumTests */,
				00B926E11CA02F0F005F5EC8 /* LCPhotoAlbumUITests */,
				00B926BB1CA02F0F005F5EC8 /* Products */,
			);
			sourceTree = "<group>";
		};
		00B926BB1CA02F0F005F5EC8 /* Products */ = {
			isa = PBXGroup;
			children = (
				00B926BA1CA02F0F005F5EC8 /* LCPhotoAlbum.app */,
				00B926D31CA02F0F005F5EC8 /* LCPhotoAlbumTests.xctest */,
				00B926DE1CA02F0F005F5EC8 /* LCPhotoAlbumUITests.xctest */,
			);
			name = Products;
			sourceTree = "<group>";
		};
		00B926BC1CA02F0F005F5EC8 /* LCPhotoAlbum */ = {
			isa = PBXGroup;
			children = (
				007136781CE4B117001F8E89 /* LCBigImageScrollView.h */,
				007136791CE4B117001F8E89 /* LCBigImageScrollView.m */,
				00B926C01CA02F0F005F5EC8 /* AppDelegate.h */,
				00B926C11CA02F0F005F5EC8 /* AppDelegate.m */,
				00B926C31CA02F0F005F5EC8 /* ViewController.h */,
				00B926C41CA02F0F005F5EC8 /* ViewController.m */,
				00B926C61CA02F0F005F5EC8 /* Main.storyboard */,
				0071366A1CE375C4001F8E89 /* LCPhotosViewController.h */,
				0071366B1CE375C4001F8E89 /* LCPhotosViewController.m */,
				007136751CE4223D001F8E89 /* LCPhotoKitAsset.h */,
				007136761CE4223D001F8E89 /* LCPhotoKitAsset.m */,
				0071366D1CE3EBEA001F8E89 /* LCPhotoCollectionViewCell.h */,
				0071366E1CE3EBEA001F8E89 /* LCPhotoCollectionViewCell.m */,
				00B926C91CA02F0F005F5EC8 /* Assets.xcassets */,
				00B926CB1CA02F0F005F5EC8 /* LaunchScreen.storyboard */,
				00B926CE1CA02F0F005F5EC8 /* Info.plist */,
				00B926BD1CA02F0F005F5EC8 /* Supporting Files */,
			);
			path = LCPhotoAlbum;
			sourceTree = "<group>";
		};
		00B926BD1CA02F0F005F5EC8 /* Supporting Files */ = {
			isa = PBXGroup;
			children = (
				00B926BE1CA02F0F005F5EC8 /* main.m */,
			);
			name = "Supporting Files";
			sourceTree = "<group>";
		};
		00B926D61CA02F0F005F5EC8 /* LCPhotoAlbumTests */ = {
			isa = PBXGroup;
			children = (
				00B926D71CA02F0F005F5EC8 /* LCPhotoAlbumTests.m */,
				00B926D91CA02F0F005F5EC8 /* Info.plist */,
			);
			path = LCPhotoAlbumTests;
			sourceTree = "<group>";
		};
		00B926E11CA02F0F005F5EC8 /* LCPhotoAlbumUITests */ = {
			isa = PBXGroup;
			children = (
				00B926E21CA02F0F005F5EC8 /* LCPhotoAlbumUITests.m */,
				00B926E41CA02F0F005F5EC8 /* Info.plist */,
			);
			path = LCPhotoAlbumUITests;
			sourceTree = "<group>";
		};
/* End PBXGroup section */

/* Begin PBXNativeTarget section */
		00B926B91CA02F0F005F5EC8 /* LCPhotoAlbum */ = {
			isa = PBXNativeTarget;
			buildConfigurationList = 00B926E71CA02F0F005F5EC8 /* Build configuration list for PBXNativeTarget "LCPhotoAlbum" */;
			buildPhases = (
				00B926B61CA02F0F005F5EC8 /* Sources */,
				00B926B71CA02F0F005F5EC8 /* Frameworks */,
				00B926B81CA02F0F005F5EC8 /* Resources */,
			);
			buildRules = (
			);
			dependencies = (
			);
			name = LCPhotoAlbum;
			productName = LCPhotoAlbum;
			productReference = 00B926BA1CA02F0F005F5EC8 /* LCPhotoAlbum.app */;
			productType = "com.apple.product-type.application";
		};
		00B926D21CA02F0F005F5EC8 /* LCPhotoAlbumTests */ = {
			isa = PBXNativeTarget;
			buildConfigurationList = 00B926EA1CA02F0F005F5EC8 /* Build configuration list for PBXNativeTarget "LCPhotoAlbumTests" */;
			buildPhases = (
				00B926CF1CA02F0F005F5EC8 /* Sources */,
				00B926D01CA02F0F005F5EC8 /* Frameworks */,
				00B926D11CA02F0F005F5EC8 /* Resources */,
			);
			buildRules = (
			);
			dependencies = (
				00B926D51CA02F0F005F5EC8 /* PBXTargetDependency */,
			);
			name = LCPhotoAlbumTests;
			productName = LCPhotoAlbumTests;
			productReference = 00B926D31CA02F0F005F5EC8 /* LCPhotoAlbumTests.xctest */;
			productType = "com.apple.product-type.bundle.unit-test";
		};
		00B926DD1CA02F0F005F5EC8 /* LCPhotoAlbumUITests */ = {
			isa = PBXNativeTarget;
			buildConfigurationList = 00B926ED1CA02F0F005F5EC8 /* Build configuration list for PBXNativeTarget "LCPhotoAlbumUITests" */;
			buildPhases = (
				00B926DA1CA02F0F005F5EC8 /* Sources */,
				00B926DB1CA02F0F005F5EC8 /* Frameworks */,
				00B926DC1CA02F0F005F5EC8 /* Resources */,
			);
			buildRules = (
			);
			dependencies = (
				00B926E01CA02F0F005F5EC8 /* PBXTargetDependency */,
			);
			name = LCPhotoAlbumUITests;
			productName = LCPhotoAlbumUITests;
			productReference = 00B926DE1CA02F0F005F5EC8 /* LCPhotoAlbumUITests.xctest */;
			productType = "com.apple.product-type.bundle.ui-testing";
		};
/* End PBXNativeTarget section */

/* Begin PBXProject section */
		00B926B21CA02F0F005F5EC8 /* Project object */ = {
			isa = PBXProject;
			attributes = {
				LastUpgradeCheck = 0720;
				ORGANIZATIONNAME = "李策";
				TargetAttributes = {
					00B926B91CA02F0F005F5EC8 = {
						CreatedOnToolsVersion = 7.2;
						DevelopmentTeam = 8LVWFN8LU3;
					};
					00B926D21CA02F0F005F5EC8 = {
						CreatedOnToolsVersion = 7.2;
						DevelopmentTeam = 8LVWFN8LU3;
						TestTargetID = 00B926B91CA02F0F005F5EC8;
					};
					00B926DD1CA02F0F005F5EC8 = {
						CreatedOnToolsVersion = 7.2;
						DevelopmentTeam = 8LVWFN8LU3;
						TestTargetID = 00B926B91CA02F0F005F5EC8;
					};
				};
			};
			buildConfigurationList = 00B926B51CA02F0F005F5EC8 /* Build configuration list for PBXProject "LCPhotoAlbum" */;
			compatibilityVersion = "Xcode 3.2";
			developmentRegion = English;
			hasScannedForEncodings = 0;
			knownRegions = (
				en,
				Base,
			);
			mainGroup = 00B926B11CA02F0F005F5EC8;
			productRefGroup = 00B926BB1CA02F0F005F5EC8 /* Products */;
			projectDirPath = "";
			projectRoot = "";
			targets = (
				00B926B91CA02F0F005F5EC8 /* LCPhotoAlbum */,
				00B926D21CA02F0F005F5EC8 /* LCPhotoAlbumTests */,
				00B926DD1CA02F0F005F5EC8 /* LCPhotoAlbumUITests */,
			);
		};
/* End PBXProject section */

/* Begin PBXResourcesBuildPhase section */
		00B926B81CA02F0F005F5EC8 /* Resources */ = {
			isa = PBXResourcesBuildPhase;
			buildActionMask = 2147483647;
			files = (
				00B926CD1CA02F0F005F5EC8 /* LaunchScreen.storyboard in Resources */,
				00B926CA1CA02F0F005F5EC8 /* Assets.xcassets in Resources */,
				00B926C81CA02F0F005F5EC8 /* Main.storyboard in Resources */,
			);
			runOnlyForDeploymentPostprocessing = 0;
		};
		00B926D11CA02F0F005F5EC8 /* Resources */ = {
			isa = PBXResourcesBuildPhase;
			buildActionMask = 2147483647;
			files = (
			);
			runOnlyForDeploymentPostprocessing = 0;
		};
		00B926DC1CA02F0F005F5EC8 /* Resources */ = {
			isa = PBXResourcesBuildPhase;
			buildActionMask = 2147483647;
			files = (
			);
			runOnlyForDeploymentPostprocessing = 0;
		};
/* End PBXResourcesBuildPhase section */

/* Begin PBXSourcesBuildPhase section */
		00B926B61CA02F0F005F5EC8 /* Sources */ = {
			isa = PBXSourcesBuildPhase;
			buildActionMask = 2147483647;
			files = (
				00B926C51CA02F0F005F5EC8 /* ViewController.m in Sources */,
				0071367A1CE4B117001F8E89 /* LCBigImageScrollView.m in Sources */,
				007136771CE4223D001F8E89 /* LCPhotoKitAsset.m in Sources */,
				00B926C21CA02F0F005F5EC8 /* AppDelegate.m in Sources */,
				0071366C1CE375C4001F8E89 /* LCPhotosViewController.m in Sources */,
				00B926BF1CA02F0F005F5EC8 /* main.m in Sources */,
				007136701CE3EBEA001F8E89 /* LCPhotoCollectionViewCell.m in Sources */,
			);
			runOnlyForDeploymentPostprocessing = 0;
		};
		00B926CF1CA02F0F005F5EC8 /* Sources */ = {
			isa = PBXSourcesBuildPhase;
			buildActionMask = 2147483647;
			files = (
				00B926D81CA02F0F005F5EC8 /* LCPhotoAlbumTests.m in Sources */,
			);
			runOnlyForDeploymentPostprocessing = 0;
		};
		00B926DA1CA02F0F005F5EC8 /* Sources */ = {
			isa = PBXSourcesBuildPhase;
			buildActionMask = 2147483647;
			files = (
				00B926E31CA02F0F005F5EC8 /* LCPhotoAlbumUITests.m in Sources */,
			);
			runOnlyForDeploymentPostprocessing = 0;
		};
/* End PBXSourcesBuildPhase section */

/* Begin PBXTargetDependency section */
		00B926D51CA02F0F005F5EC8 /* PBXTargetDependency */ = {
			isa = PBXTargetDependency;
			target = 00B926B91CA02F0F005F5EC8 /* LCPhotoAlbum */;
			targetProxy = 00B926D41CA02F0F005F5EC8 /* PBXContainerItemProxy */;
		};
		00B926E01CA02F0F005F5EC8 /* PBXTargetDependency */ = {
			isa = PBXTargetDependency;
			target = 00B926B91CA02F0F005F5EC8 /* LCPhotoAlbum */;
			targetProxy = 00B926DF1CA02F0F005F5EC8 /* PBXContainerItemProxy */;
		};
/* End PBXTargetDependency section */

/* Begin PBXVariantGroup section */
		00B926C61CA02F0F005F5EC8 /* Main.storyboard */ = {
			isa = PBXVariantGroup;
			children = (
				00B926C71CA02F0F005F5EC8 /* Base */,
			);
			name = Main.storyboard;
			sourceTree = "<group>";
		};
		00B926CB1CA02F0F005F5EC8 /* LaunchScreen.storyboard */ = {
			isa = PBXVariantGroup;
			children = (
				00B926CC1CA02F0F005F5EC8 /* Base */,
			);
			name = LaunchScreen.storyboard;
			sourceTree = "<group>";
		};
/* End PBXVariantGroup section */

/* Begin XCBuildConfiguration section */
		00B926E51CA02F0F005F5EC8 /* Debug */ = {
			isa = XCBuildConfiguration;
			buildSettings = {
				ALWAYS_SEARCH_USER_PATHS = NO;
				CLANG_CXX_LANGUAGE_STANDARD = "gnu++0x";
				CLANG_CXX_LIBRARY = "libc++";
				CLANG_ENABLE_MODULES = YES;
				CLANG_ENABLE_OBJC_ARC = YES;
				CLANG_WARN_BOOL_CONVERSION = YES;
				CLANG_WARN_CONSTANT_CONVERSION = YES;
				CLANG_WARN_DIRECT_OBJC_ISA_USAGE = YES_ERROR;
				CLANG_WARN_EMPTY_BODY = YES;
				CLANG_WARN_ENUM_CONVERSION = YES;
				CLANG_WARN_INT_CONVERSION = YES;
				CLANG_WARN_OBJC_ROOT_CLASS = YES_ERROR;
				CLANG_WARN_UNREACHABLE_CODE = YES;
				CLANG_WARN__DUPLICATE_METHOD_MATCH = YES;
				"CODE_SIGN_IDENTITY[sdk=iphoneos*]" = "iPhone Developer";
				COPY_PHASE_STRIP = NO;
				DEBUG_INFORMATION_FORMAT = dwarf;
				ENABLE_STRICT_OBJC_MSGSEND = YES;
				ENABLE_TESTABILITY = YES;
				GCC_C_LANGUAGE_STANDARD = gnu99;
				GCC_DYNAMIC_NO_PIC = NO;
				GCC_NO_COMMON_BLOCKS = YES;
				GCC_OPTIMIZATION_LEVEL = 0;
				GCC_PREPROCESSOR_DEFINITIONS = (
					"DEBUG=1",
					"$(inherited)",
				);
				GCC_WARN_64_TO_32_BIT_CONVERSION = YES;
				GCC_WARN_ABOUT_RETURN_TYPE = YES_ERROR;
				GCC_WARN_UNDECLARED_SELECTOR = YES;
				GCC_WARN_UNINITIALIZED_AUTOS = YES_AGGRESSIVE;
				GCC_WARN_UNUSED_FUNCTION = YES;
				GCC_WARN_UNUSED_VARIABLE = YES;
				IPHONEOS_DEPLOYMENT_TARGET = 9.2;
				MTL_ENABLE_DEBUG_INFO = YES;
				ONLY_ACTIVE_ARCH = YES;
				SDKROOT = iphoneos;
				TARGETED_DEVICE_FAMILY = "1,2";
			};
			name = Debug;
		};
		00B926E61CA02F0F005F5EC8 /* Release */ = {
			isa = XCBuildConfiguration;
			buildSettings = {
				ALWAYS_SEARCH_USER_PATHS = NO;
				CLANG_CXX_LANGUAGE_STANDARD = "gnu++0x";
				CLANG_CXX_LIBRARY = "libc++";
				CLANG_ENABLE_MODULES = YES;
				CLANG_ENABLE_OBJC_ARC = YES;
				CLANG_WARN_BOOL_CONVERSION = YES;
				CLANG_WARN_CONSTANT_CONVERSION = YES;
				CLANG_WARN_DIRECT_OBJC_ISA_USAGE = YES_ERROR;
				CLANG_WARN_EMPTY_BODY = YES;
				CLANG_WARN_ENUM_CONVERSION = YES;
				CLANG_WARN_INT_CONVERSION = YES;
				CLANG_WARN_OBJC_ROOT_CLASS = YES_ERROR;
				CLANG_WARN_UNREACHABLE_CODE = YES;
				CLANG_WARN__DUPLICATE_METHOD_MATCH = YES;
				"CODE_SIGN_IDENTITY[sdk=iphoneos*]" = "iPhone Developer";
				COPY_PHASE_STRIP = NO;
				DEBUG_INFORMATION_FORMAT = "dwarf-with-dsym";
				ENABLE_NS_ASSERTIONS = NO;
				ENABLE_STRICT_OBJC_MSGSEND = YES;
				GCC_C_LANGUAGE_STANDARD = gnu99;
				GCC_NO_COMMON_BLOCKS = YES;
				GCC_WARN_64_TO_32_BIT_CONVERSION = YES;
				GCC_WARN_ABOUT_RETURN_TYPE = YES_ERROR;
				GCC_WARN_UNDECLARED_SELECTOR = YES;
				GCC_WARN_UNINITIALIZED_AUTOS = YES_AGGRESSIVE;
				GCC_WARN_UNUSED_FUNCTION = YES;
				GCC_WARN_UNUSED_VARIABLE = YES;
				IPHONEOS_DEPLOYMENT_TARGET = 9.2;
				MTL_ENABLE_DEBUG_INFO = NO;
				SDKROOT = iphoneos;
				TARGETED_DEVICE_FAMILY = "1,2";
				VALIDATE_PRODUCT = YES;
			};
			name = Release;
		};
		00B926E81CA02F0F005F5EC8 /* Debug */ = {
			isa = XCBuildConfiguration;
			buildSettings = {
				ASSETCATALOG_COMPILER_APPICON_NAME = AppIcon;
				INFOPLIST_FILE = LCPhotoAlbum/Info.plist;
				LD_RUNPATH_SEARCH_PATHS = "$(inherited) @executable_path/Frameworks";
				PRODUCT_BUNDLE_IDENTIFIER = com.MoGo.LCPhotoAlbum;
				PRODUCT_NAME = "$(TARGET_NAME)";
			};
			name = Debug;
		};
		00B926E91CA02F0F005F5EC8 /* Release */ = {
			isa = XCBuildConfiguration;
			buildSettings = {
				ASSETCATALOG_COMPILER_APPICON_NAME = AppIcon;
				INFOPLIST_FILE = LCPhotoAlbum/Info.plist;
				LD_RUNPATH_SEARCH_PATHS = "$(inherited) @executable_path/Frameworks";
				PRODUCT_BUNDLE_IDENTIFIER = com.MoGo.LCPhotoAlbum;
				PRODUCT_NAME = "$(TARGET_NAME)";
			};
			name = Release;
		};
		00B926EB1CA02F0F005F5EC8 /* Debug */ = {
			isa = XCBuildConfiguration;
			buildSettings = {
				BUNDLE_LOADER = "$(TEST_HOST)";
				INFOPLIST_FILE = LCPhotoAlbumTests/Info.plist;
				LD_RUNPATH_SEARCH_PATHS = "$(inherited) @executable_path/Frameworks @loader_path/Frameworks";
				PRODUCT_BUNDLE_IDENTIFIER = com.MoGo.LCPhotoAlbumTests;
				PRODUCT_NAME = "$(TARGET_NAME)";
				TEST_HOST = "$(BUILT_PRODUCTS_DIR)/LCPhotoAlbum.app/LCPhotoAlbum";
			};
			name = Debug;
		};
		00B926EC1CA02F0F005F5EC8 /* Release */ = {
			isa = XCBuildConfiguration;
			buildSettings = {
				BUNDLE_LOADER = "$(TEST_HOST)";
				INFOPLIST_FILE = LCPhotoAlbumTests/Info.plist;
				LD_RUNPATH_SEARCH_PATHS = "$(inherited) @executable_path/Frameworks @loader_path/Frameworks";
				PRODUCT_BUNDLE_IDENTIFIER = com.MoGo.LCPhotoAlbumTests;
				PRODUCT_NAME = "$(TARGET_NAME)";
				TEST_HOST = "$(BUILT_PRODUCTS_DIR)/LCPhotoAlbum.app/LCPhotoAlbum";
			};
			name = Release;
		};
		00B926EE1CA02F0F005F5EC8 /* Debug */ = {
			isa = XCBuildConfiguration;
			buildSettings = {
				INFOPLIST_FILE = LCPhotoAlbumUITests/Info.plist;
				LD_RUNPATH_SEARCH_PATHS = "$(inherited) @executable_path/Frameworks @loader_path/Frameworks";
				PRODUCT_BUNDLE_IDENTIFIER = com.MoGo.LCPhotoAlbumUITests;
				PRODUCT_NAME = "$(TARGET_NAME)";
				TEST_TARGET_NAME = LCPhotoAlbum;
				USES_XCTRUNNER = YES;
			};
			name = Debug;
		};
		00B926EF1CA02F0F005F5EC8 /* Release */ = {
			isa = XCBuildConfiguration;
			buildSettings = {
				INFOPLIST_FILE = LCPhotoAlbumUITests/Info.plist;
				LD_RUNPATH_SEARCH_PATHS = "$(inherited) @executable_path/Frameworks @loader_path/Frameworks";
				PRODUCT_BUNDLE_IDENTIFIER = com.MoGo.LCPhotoAlbumUITests;
				PRODUCT_NAME = "$(TARGET_NAME)";
				TEST_TARGET_NAME = LCPhotoAlbum;
				USES_XCTRUNNER = YES;
			};
			name = Release;
		};
/* End XCBuildConfiguration section */

/* Begin XCConfigurationList section */
		00B926B51CA02F0F005F5EC8 /* Build configuration list for PBXProject "LCPhotoAlbum" */ = {
			isa = XCConfigurationList;
			buildConfigurations = (
				00B926E51CA02F0F005F5EC8 /* Debug */,
				00B926E61CA02F0F005F5EC8 /* Release */,
			);
			defaultConfigurationIsVisible = 0;
			defaultConfigurationName = Release;
		};
		00B926E71CA02F0F005F5EC8 /* Build configuration list for PBXNativeTarget "LCPhotoAlbum" */ = {
			isa = XCConfigurationList;
			buildConfigurations = (
				00B926E81CA02F0F005F5EC8 /* Debug */,
				00B926E91CA02F0F005F5EC8 /* Release */,
			);
			defaultConfigurationIsVisible = 0;
			defaultConfigurationName = Release;
		};
		00B926EA1CA02F0F005F5EC8 /* Build configuration list for PBXNativeTarget "LCPhotoAlbumTests" */ = {
			isa = XCConfigurationList;
			buildConfigurations = (
				00B926EB1CA02F0F005F5EC8 /* Debug */,
				00B926EC1CA02F0F005F5EC8 /* Release */,
			);
			defaultConfigurationIsVisible = 0;
			defaultConfigurationName = Release;
		};
		00B926ED1CA02F0F005F5EC8 /* Build configuration list for PBXNativeTarget "LCPhotoAlbumUITests" */ = {
			isa = XCConfigurationList;
			buildConfigurations = (
				00B926EE1CA02F0F005F5EC8 /* Debug */,
				00B926EF1CA02F0F005F5EC8 /* Release */,
			);
			defaultConfigurationIsVisible = 0;
			defaultConfigurationName = Release;
		};
/* End XCConfigurationList section */
	};
	rootObject = 00B926B21CA02F0F005F5EC8 /* Project object */;
}
